
Microsoft Visual Studio Solution File, Format Version 12.00
# Visual Studio Version 16
VisualStudioVersion = 25.0.1706.8
MinimumVisualStudioVersion = 10.0.40219.1
Project("{FAE04EC0-301F-11D3-BF4B-00C04F79EFBC}") = "SISCO_Dev", "SISCO_Dev.csproj", "{892D8232-B1BF-427C-A3DE-A764756D285C}"
EndProject
Global
	GlobalSection(SolutionConfigurationPlatforms) = preSolution
		Debug|Any CPU = Debug|Any CPU
		Release|Any CPU = Release|Any CPU
	EndGlobalSection
	GlobalSection(ProjectConfigurationPlatforms) = postSolution
		{892D8232-B1BF-427C-A3DE-A764756D285C}.Debug|Any CPU.ActiveCfg = Debug|Any CPU
		{892D8232-B1BF-427C-A3DE-A764756D285C}.Debug|Any CPU.Build.0 = Debug|Any CPU
		{892D8232-B1BF-427C-A3DE-A764756D285C}.Release|Any CPU.ActiveCfg = Release|Any CPU
		{892D8232-B1BF-427C-A3DE-A764756D285C}.Release|Any CPU.Build.0 = Release|Any CPU
	EndGlobalSection
	GlobalSection(SolutionProperties) = preSolution
		HideSolutionNode = FALSE
	EndGlobalSection
	GlobalSection(ExtensibilityGlobals) = postSolution
		SolutionGuid = {7DF61685-FA99-4F95-A6C8-C9FC8352FB90}
	EndGlobalSection
EndGlobal
